// !$*UTF8*$!
{
	archiveVersion = 1;
	classes = {
	};
	objectVersion = 56;
	objects = {

/* Begin PBXBuildFile section */
		02620E602BECFFD800B5DF67 /* PlaceModel.swift in Sources */ = {isa = PBXBuildFile; fileRef = 02620E5F2BECFFD800B5DF67 /* PlaceModel.swift */; };
		02620E622BEDB85300B5DF67 /* PlacesSearchManager.swift in Sources */ = {isa = PBXBuildFile; fileRef = 02620E612BEDB85300B5DF67 /* PlacesSearchManager.swift */; };
		02620E682BEDDD1A00B5DF67 /* PlaceView.swift in Sources */ = {isa = PBXBuildFile; fileRef = 02620E672BEDDD1A00B5DF67 /* PlaceView.swift */; };
		02620E6A2BEDDD7700B5DF67 /* PlacesListView.swift in Sources */ = {isa = PBXBuildFile; fileRef = 02620E692BEDDD7700B5DF67 /* PlacesListView.swift */; };
		02620E6C2BEDE53500B5DF67 /* PlaceDetailView.swift in Sources */ = {isa = PBXBuildFile; fileRef = 02620E6B2BEDE53500B5DF67 /* PlaceDetailView.swift */; };
		02620E6E2BEDEC0000B5DF67 /* PlacePhotoView.swift in Sources */ = {isa = PBXBuildFile; fileRef = 02620E6D2BEDEC0000B5DF67 /* PlacePhotoView.swift */; };
		02620E702BEE033900B5DF67 /* ReviewFormView.swift in Sources */ = {isa = PBXBuildFile; fileRef = 02620E6F2BEE033900B5DF67 /* ReviewFormView.swift */; };
		02ABFA042BE8D67B007DB3E5 /* TextSearchView.swift in Sources */ = {isa = PBXBuildFile; fileRef = 02ABFA032BE8D67B007DB3E5 /* TextSearchView.swift */; };
		02ABFA082BE8D844007DB3E5 /* FavouritesModel.swift in Sources */ = {isa = PBXBuildFile; fileRef = 02ABFA072BE8D844007DB3E5 /* FavouritesModel.swift */; };
		02ABFA4C2BE8F0A5007DB3E5 /* FavouritesView.swift in Sources */ = {isa = PBXBuildFile; fileRef = 02ABFA4B2BE8F0A5007DB3E5 /* FavouritesView.swift */; };
		02B6B7042BECA2E800FA7A71 /* GooglePlacesPrivacy.bundle in Resources */ = {isa = PBXBuildFile; fileRef = 02B6B7032BECA2E800FA7A71 /* GooglePlacesPrivacy.bundle */; };
		02B6B72E2BECF2D800FA7A71 /* GooglePlaces in Frameworks */ = {isa = PBXBuildFile; productRef = 02B6B72D2BECF2D800FA7A71 /* GooglePlaces */; };
		C50D98762BEDB28700A4F283 /* RestaurantDetailView.swift in Sources */ = {isa = PBXBuildFile; fileRef = C50D98752BEDB28700A4F283 /* RestaurantDetailView.swift */; };
		C53BA76F2BE898FE0016F31C /* AT3_IOSApp.swift in Sources */ = {isa = PBXBuildFile; fileRef = C53BA76E2BE898FE0016F31C /* AT3_IOSApp.swift */; };
		C53BA7712BE898FE0016F31C /* ContentView.swift in Sources */ = {isa = PBXBuildFile; fileRef = C53BA7702BE898FE0016F31C /* ContentView.swift */; };
		C53BA7732BE898FF0016F31C /* Assets.xcassets in Resources */ = {isa = PBXBuildFile; fileRef = C53BA7722BE898FF0016F31C /* Assets.xcassets */; };
		C53BA7762BE898FF0016F31C /* Preview Assets.xcassets in Resources */ = {isa = PBXBuildFile; fileRef = C53BA7752BE898FF0016F31C /* Preview Assets.xcassets */; };
/* End PBXBuildFile section */

/* Begin PBXFileReference section */
		02620E5F2BECFFD800B5DF67 /* PlaceModel.swift */ = {isa = PBXFileReference; lastKnownFileType = sourcecode.swift; path = PlaceModel.swift; sourceTree = "<group>"; };
		02620E612BEDB85300B5DF67 /* PlacesSearchManager.swift */ = {isa = PBXFileReference; lastKnownFileType = sourcecode.swift; path = PlacesSearchManager.swift; sourceTree = "<group>"; };
		02620E672BEDDD1A00B5DF67 /* PlaceView.swift */ = {isa = PBXFileReference; lastKnownFileType = sourcecode.swift; path = PlaceView.swift; sourceTree = "<group>"; };
		02620E692BEDDD7700B5DF67 /* PlacesListView.swift */ = {isa = PBXFileReference; lastKnownFileType = sourcecode.swift; path = PlacesListView.swift; sourceTree = "<group>"; };
		02620E6B2BEDE53500B5DF67 /* PlaceDetailView.swift */ = {isa = PBXFileReference; lastKnownFileType = sourcecode.swift; path = PlaceDetailView.swift; sourceTree = "<group>"; };
		02620E6D2BEDEC0000B5DF67 /* PlacePhotoView.swift */ = {isa = PBXFileReference; lastKnownFileType = sourcecode.swift; path = PlacePhotoView.swift; sourceTree = "<group>"; };
		02620E6F2BEE033900B5DF67 /* ReviewFormView.swift */ = {isa = PBXFileReference; lastKnownFileType = sourcecode.swift; path = ReviewFormView.swift; sourceTree = "<group>"; };
		02ABFA032BE8D67B007DB3E5 /* TextSearchView.swift */ = {isa = PBXFileReference; lastKnownFileType = sourcecode.swift; path = TextSearchView.swift; sourceTree = "<group>"; };
		02ABFA072BE8D844007DB3E5 /* FavouritesModel.swift */ = {isa = PBXFileReference; lastKnownFileType = sourcecode.swift; path = FavouritesModel.swift; sourceTree = "<group>"; };
		02ABFA4B2BE8F0A5007DB3E5 /* FavouritesView.swift */ = {isa = PBXFileReference; lastKnownFileType = sourcecode.swift; path = FavouritesView.swift; sourceTree = "<group>"; };
		02B6B7032BECA2E800FA7A71 /* GooglePlacesPrivacy.bundle */ = {isa = PBXFileReference; lastKnownFileType = "wrapper.plug-in"; path = GooglePlacesPrivacy.bundle; sourceTree = "<group>"; };
		02B6B7122BECE0BC00FA7A71 /* CoreGraphics.framework */ = {isa = PBXFileReference; lastKnownFileType = wrapper.framework; name = CoreGraphics.framework; path = System/Library/Frameworks/CoreGraphics.framework; sourceTree = SDKROOT; };
		02B6B7142BECE0CA00FA7A71 /* CoreLocation.framework */ = {isa = PBXFileReference; lastKnownFileType = wrapper.framework; name = CoreLocation.framework; path = System/Library/Frameworks/CoreLocation.framework; sourceTree = SDKROOT; };
		02B6B7162BECE0DB00FA7A71 /* libc++.tbd */ = {isa = PBXFileReference; lastKnownFileType = "sourcecode.text-based-dylib-definition"; name = "libc++.tbd"; path = "usr/lib/libc++.tbd"; sourceTree = SDKROOT; };
		02B6B7182BECE0E800FA7A71 /* libz.tbd */ = {isa = PBXFileReference; lastKnownFileType = "sourcecode.text-based-dylib-definition"; name = libz.tbd; path = usr/lib/libz.tbd; sourceTree = SDKROOT; };
		02B6B71A2BECE0F100FA7A71 /* QuartzCore.framework */ = {isa = PBXFileReference; lastKnownFileType = wrapper.framework; name = QuartzCore.framework; path = System/Library/Frameworks/QuartzCore.framework; sourceTree = SDKROOT; };
		02B6B71C2BECE0F900FA7A71 /* UIKit.framework */ = {isa = PBXFileReference; lastKnownFileType = wrapper.framework; name = UIKit.framework; path = System/Library/Frameworks/UIKit.framework; sourceTree = SDKROOT; };
		02B6B7262BECF24300FA7A71 /* GooglePlaces.xcframework */ = {isa = PBXFileReference; lastKnownFileType = wrapper.xcframework; path = GooglePlaces.xcframework; sourceTree = "<group>"; };
		02B6B72A2BECF29C00FA7A71 /* GooglePlaces.xcframework */ = {isa = PBXFileReference; lastKnownFileType = wrapper.xcframework; name = GooglePlaces.xcframework; path = Pods/GooglePlaces/Frameworks/GooglePlaces.xcframework; sourceTree = "<group>"; };
		C50D98752BEDB28700A4F283 /* RestaurantDetailView.swift */ = {isa = PBXFileReference; lastKnownFileType = sourcecode.swift; path = RestaurantDetailView.swift; sourceTree = "<group>"; };
		C53BA76B2BE898FE0016F31C /* AT3_IOS.app */ = {isa = PBXFileReference; explicitFileType = wrapper.application; includeInIndex = 0; path = AT3_IOS.app; sourceTree = BUILT_PRODUCTS_DIR; };
		C53BA76E2BE898FE0016F31C /* AT3_IOSApp.swift */ = {isa = PBXFileReference; lastKnownFileType = sourcecode.swift; path = AT3_IOSApp.swift; sourceTree = "<group>"; };
		C53BA7702BE898FE0016F31C /* ContentView.swift */ = {isa = PBXFileReference; lastKnownFileType = sourcecode.swift; path = ContentView.swift; sourceTree = "<group>"; };
		C53BA7722BE898FF0016F31C /* Assets.xcassets */ = {isa = PBXFileReference; lastKnownFileType = folder.assetcatalog; path = Assets.xcassets; sourceTree = "<group>"; };
		C53BA7752BE898FF0016F31C /* Preview Assets.xcassets */ = {isa = PBXFileReference; lastKnownFileType = folder.assetcatalog; path = "Preview Assets.xcassets"; sourceTree = "<group>"; };
/* End PBXFileReference section */

/* Begin PBXFrameworksBuildPhase section */
		C53BA7682BE898FE0016F31C /* Frameworks */ = {
			isa = PBXFrameworksBuildPhase;
			buildActionMask = 2147483647;
			files = (
				02B6B72E2BECF2D800FA7A71 /* GooglePlaces in Frameworks */,
			);
			runOnlyForDeploymentPostprocessing = 0;
		};
/* End PBXFrameworksBuildPhase section */

/* Begin PBXGroup section */
		552959AEFB4D4F9B830514AA /* Frameworks */ = {
			isa = PBXGroup;
			children = (
				02B6B72A2BECF29C00FA7A71 /* GooglePlaces.xcframework */,
				02B6B7262BECF24300FA7A71 /* GooglePlaces.xcframework */,
				02B6B71C2BECE0F900FA7A71 /* UIKit.framework */,
				02B6B71A2BECE0F100FA7A71 /* QuartzCore.framework */,
				02B6B7182BECE0E800FA7A71 /* libz.tbd */,
				02B6B7162BECE0DB00FA7A71 /* libc++.tbd */,
				02B6B7142BECE0CA00FA7A71 /* CoreLocation.framework */,
				02B6B7122BECE0BC00FA7A71 /* CoreGraphics.framework */,
			);
			name = Frameworks;
			sourceTree = "<group>";
		};
		B6583E41E3EA666FABCA5EC6 /* Pods */ = {
			isa = PBXGroup;
			children = (
			);
			path = Pods;
			sourceTree = "<group>";
		};
		C53BA7622BE898FE0016F31C = {
			isa = PBXGroup;
			children = (
				02B6B7032BECA2E800FA7A71 /* GooglePlacesPrivacy.bundle */,
				C53BA76D2BE898FE0016F31C /* AT3_IOS */,
				C53BA76C2BE898FE0016F31C /* Products */,
				B6583E41E3EA666FABCA5EC6 /* Pods */,
				552959AEFB4D4F9B830514AA /* Frameworks */,
			);
			sourceTree = "<group>";
		};
		C53BA76C2BE898FE0016F31C /* Products */ = {
			isa = PBXGroup;
			children = (
				C53BA76B2BE898FE0016F31C /* AT3_IOS.app */,
			);
			name = Products;
			sourceTree = "<group>";
		};
		C53BA76D2BE898FE0016F31C /* AT3_IOS */ = {
			isa = PBXGroup;
			children = (
				C53BA76E2BE898FE0016F31C /* AT3_IOSApp.swift */,
				C53BA7702BE898FE0016F31C /* ContentView.swift */,
				02ABFA072BE8D844007DB3E5 /* FavouritesModel.swift */,
				02ABFA4B2BE8F0A5007DB3E5 /* FavouritesView.swift */,
				02ABFA032BE8D67B007DB3E5 /* TextSearchView.swift */,
				02620E672BEDDD1A00B5DF67 /* PlaceView.swift */,
				02620E692BEDDD7700B5DF67 /* PlacesListView.swift */,
				02620E6B2BEDE53500B5DF67 /* PlaceDetailView.swift */,
				02620E612BEDB85300B5DF67 /* PlacesSearchManager.swift */,
				02620E5F2BECFFD800B5DF67 /* PlaceModel.swift */,

				02620E6F2BEE033900B5DF67 /* ReviewFormView.swift */,
				02620E6D2BEDEC0000B5DF67 /* PlacePhotoView.swift */,

				02B6B7212BECED8300FA7A71 /* PlacesListView.swift */,
				C50D98752BEDB28700A4F283 /* RestaurantDetailView.swift */,

				C53BA7722BE898FF0016F31C /* Assets.xcassets */,
				C53BA7742BE898FF0016F31C /* Preview Content */,
			);
			path = AT3_IOS;
			sourceTree = "<group>";
		};
		C53BA7742BE898FF0016F31C /* Preview Content */ = {
			isa = PBXGroup;
			children = (
				C53BA7752BE898FF0016F31C /* Preview Assets.xcassets */,
			);
			path = "Preview Content";
			sourceTree = "<group>";
		};
/* End PBXGroup section */

/* Begin PBXNativeTarget section */
		C53BA76A2BE898FE0016F31C /* AT3_IOS */ = {
			isa = PBXNativeTarget;
			buildConfigurationList = C53BA7792BE898FF0016F31C /* Build configuration list for PBXNativeTarget "AT3_IOS" */;
			buildPhases = (
				C53BA7672BE898FE0016F31C /* Sources */,
				C53BA7682BE898FE0016F31C /* Frameworks */,
				C53BA7692BE898FE0016F31C /* Resources */,
			);
			buildRules = (
			);
			dependencies = (
			);
			name = AT3_IOS;
			packageProductDependencies = (
				02B6B72D2BECF2D800FA7A71 /* GooglePlaces */,
			);
			productName = AT3_IOS;
			productReference = C53BA76B2BE898FE0016F31C /* AT3_IOS.app */;
			productType = "com.apple.product-type.application";
		};
/* End PBXNativeTarget section */

/* Begin PBXProject section */
		C53BA7632BE898FE0016F31C /* Project object */ = {
			isa = PBXProject;
			attributes = {
				BuildIndependentTargetsInParallel = 1;
				LastSwiftUpdateCheck = 1530;
				LastUpgradeCheck = 1530;
				TargetAttributes = {
					C53BA76A2BE898FE0016F31C = {
						CreatedOnToolsVersion = 15.3;
					};
				};
			};
			buildConfigurationList = C53BA7662BE898FE0016F31C /* Build configuration list for PBXProject "AT3_IOS" */;
			compatibilityVersion = "Xcode 14.0";
			developmentRegion = en;
			hasScannedForEncodings = 0;
			knownRegions = (
				en,
				Base,
			);
			mainGroup = C53BA7622BE898FE0016F31C;
			packageReferences = (
				02B6B72C2BECF2D800FA7A71 /* XCRemoteSwiftPackageReference "ios-places-sdk" */,
			);
			productRefGroup = C53BA76C2BE898FE0016F31C /* Products */;
			projectDirPath = "";
			projectRoot = "";
			targets = (
				C53BA76A2BE898FE0016F31C /* AT3_IOS */,
			);
		};
/* End PBXProject section */

/* Begin PBXResourcesBuildPhase section */
		C53BA7692BE898FE0016F31C /* Resources */ = {
			isa = PBXResourcesBuildPhase;
			buildActionMask = 2147483647;
			files = (
				C53BA7762BE898FF0016F31C /* Preview Assets.xcassets in Resources */,
				C53BA7732BE898FF0016F31C /* Assets.xcassets in Resources */,
				02B6B7042BECA2E800FA7A71 /* GooglePlacesPrivacy.bundle in Resources */,
			);
			runOnlyForDeploymentPostprocessing = 0;
		};
/* End PBXResourcesBuildPhase section */

/* Begin PBXSourcesBuildPhase section */
		C53BA7672BE898FE0016F31C /* Sources */ = {
			isa = PBXSourcesBuildPhase;
			buildActionMask = 2147483647;
			files = (
				C53BA7712BE898FE0016F31C /* ContentView.swift in Sources */,
				02620E622BEDB85300B5DF67 /* PlacesSearchManager.swift in Sources */,
				02620E682BEDDD1A00B5DF67 /* PlaceView.swift in Sources */,
				02620E6A2BEDDD7700B5DF67 /* PlacesListView.swift in Sources */,
				02620E6E2BEDEC0000B5DF67 /* PlacePhotoView.swift in Sources */,
				02ABFA042BE8D67B007DB3E5 /* TextSearchView.swift in Sources */,
				C53BA76F2BE898FE0016F31C /* AT3_IOSApp.swift in Sources */,
				02620E6C2BEDE53500B5DF67 /* PlaceDetailView.swift in Sources */,
				02620E702BEE033900B5DF67 /* ReviewFormView.swift in Sources */,
				02ABFA4C2BE8F0A5007DB3E5 /* FavouritesView.swift in Sources */,

				C50D98762BEDB28700A4F283 /* RestaurantDetailView.swift in Sources */,
				02B6B7222BECED8300FA7A71 /* PlacesListView.swift in Sources */,

				02620E602BECFFD800B5DF67 /* PlaceModel.swift in Sources */,
				02ABFA082BE8D844007DB3E5 /* FavouritesModel.swift in Sources */,
			);
			runOnlyForDeploymentPostprocessing = 0;
		};
/* End PBXSourcesBuildPhase section */

/* Begin XCBuildConfiguration section */
		C53BA7772BE898FF0016F31C /* Debug */ = {
			isa = XCBuildConfiguration;
			buildSettings = {
				ALWAYS_SEARCH_USER_PATHS = NO;
				ASSETCATALOG_COMPILER_GENERATE_SWIFT_ASSET_SYMBOL_EXTENSIONS = YES;
				CLANG_ANALYZER_NONNULL = YES;
				CLANG_ANALYZER_NUMBER_OBJECT_CONVERSION = YES_AGGRESSIVE;
				CLANG_CXX_LANGUAGE_STANDARD = "gnu++20";
				CLANG_ENABLE_MODULES = YES;
				CLANG_ENABLE_OBJC_ARC = YES;
				CLANG_ENABLE_OBJC_WEAK = YES;
				CLANG_WARN_BLOCK_CAPTURE_AUTORELEASING = YES;
				CLANG_WARN_BOOL_CONVERSION = YES;
				CLANG_WARN_COMMA = YES;
				CLANG_WARN_CONSTANT_CONVERSION = YES;
				CLANG_WARN_DEPRECATED_OBJC_IMPLEMENTATIONS = YES;
				CLANG_WARN_DIRECT_OBJC_ISA_USAGE = YES_ERROR;
				CLANG_WARN_DOCUMENTATION_COMMENTS = YES;
				CLANG_WARN_EMPTY_BODY = YES;
				CLANG_WARN_ENUM_CONVERSION = YES;
				CLANG_WARN_INFINITE_RECURSION = YES;
				CLANG_WARN_INT_CONVERSION = YES;
				CLANG_WARN_NON_LITERAL_NULL_CONVERSION = YES;
				CLANG_WARN_OBJC_IMPLICIT_RETAIN_SELF = YES;
				CLANG_WARN_OBJC_LITERAL_CONVERSION = YES;
				CLANG_WARN_OBJC_ROOT_CLASS = YES_ERROR;
				CLANG_WARN_QUOTED_INCLUDE_IN_FRAMEWORK_HEADER = YES;
				CLANG_WARN_RANGE_LOOP_ANALYSIS = YES;
				CLANG_WARN_STRICT_PROTOTYPES = YES;
				CLANG_WARN_SUSPICIOUS_MOVE = YES;
				CLANG_WARN_UNGUARDED_AVAILABILITY = YES_AGGRESSIVE;
				CLANG_WARN_UNREACHABLE_CODE = YES;
				CLANG_WARN__DUPLICATE_METHOD_MATCH = YES;
				COPY_PHASE_STRIP = NO;
				DEBUG_INFORMATION_FORMAT = dwarf;
				ENABLE_STRICT_OBJC_MSGSEND = YES;
				ENABLE_TESTABILITY = YES;
				ENABLE_USER_SCRIPT_SANDBOXING = YES;
				GCC_C_LANGUAGE_STANDARD = gnu17;
				GCC_DYNAMIC_NO_PIC = NO;
				GCC_NO_COMMON_BLOCKS = YES;
				GCC_OPTIMIZATION_LEVEL = 0;
				GCC_PREPROCESSOR_DEFINITIONS = (
					"DEBUG=1",
					"$(inherited)",
				);
				GCC_WARN_64_TO_32_BIT_CONVERSION = YES;
				GCC_WARN_ABOUT_RETURN_TYPE = YES_ERROR;
				GCC_WARN_UNDECLARED_SELECTOR = YES;
				GCC_WARN_UNINITIALIZED_AUTOS = YES_AGGRESSIVE;
				GCC_WARN_UNUSED_FUNCTION = YES;
				GCC_WARN_UNUSED_VARIABLE = YES;
				IPHONEOS_DEPLOYMENT_TARGET = 17.2;
				LOCALIZATION_PREFERS_STRING_CATALOGS = YES;
				MTL_ENABLE_DEBUG_INFO = INCLUDE_SOURCE;
				MTL_FAST_MATH = YES;
				ONLY_ACTIVE_ARCH = YES;
				"OTHER_LDFLAGS[arch=*]" = "-ObjC";
				SDKROOT = iphoneos;
				SWIFT_ACTIVE_COMPILATION_CONDITIONS = "DEBUG $(inherited)";
				SWIFT_OPTIMIZATION_LEVEL = "-Onone";
			};
			name = Debug;
		};
		C53BA7782BE898FF0016F31C /* Release */ = {
			isa = XCBuildConfiguration;
			buildSettings = {
				ALWAYS_SEARCH_USER_PATHS = NO;
				ASSETCATALOG_COMPILER_GENERATE_SWIFT_ASSET_SYMBOL_EXTENSIONS = YES;
				CLANG_ANALYZER_NONNULL = YES;
				CLANG_ANALYZER_NUMBER_OBJECT_CONVERSION = YES_AGGRESSIVE;
				CLANG_CXX_LANGUAGE_STANDARD = "gnu++20";
				CLANG_ENABLE_MODULES = YES;
				CLANG_ENABLE_OBJC_ARC = YES;
				CLANG_ENABLE_OBJC_WEAK = YES;
				CLANG_WARN_BLOCK_CAPTURE_AUTORELEASING = YES;
				CLANG_WARN_BOOL_CONVERSION = YES;
				CLANG_WARN_COMMA = YES;
				CLANG_WARN_CONSTANT_CONVERSION = YES;
				CLANG_WARN_DEPRECATED_OBJC_IMPLEMENTATIONS = YES;
				CLANG_WARN_DIRECT_OBJC_ISA_USAGE = YES_ERROR;
				CLANG_WARN_DOCUMENTATION_COMMENTS = YES;
				CLANG_WARN_EMPTY_BODY = YES;
				CLANG_WARN_ENUM_CONVERSION = YES;
				CLANG_WARN_INFINITE_RECURSION = YES;
				CLANG_WARN_INT_CONVERSION = YES;
				CLANG_WARN_NON_LITERAL_NULL_CONVERSION = YES;
				CLANG_WARN_OBJC_IMPLICIT_RETAIN_SELF = YES;
				CLANG_WARN_OBJC_LITERAL_CONVERSION = YES;
				CLANG_WARN_OBJC_ROOT_CLASS = YES_ERROR;
				CLANG_WARN_QUOTED_INCLUDE_IN_FRAMEWORK_HEADER = YES;
				CLANG_WARN_RANGE_LOOP_ANALYSIS = YES;
				CLANG_WARN_STRICT_PROTOTYPES = YES;
				CLANG_WARN_SUSPICIOUS_MOVE = YES;
				CLANG_WARN_UNGUARDED_AVAILABILITY = YES_AGGRESSIVE;
				CLANG_WARN_UNREACHABLE_CODE = YES;
				CLANG_WARN__DUPLICATE_METHOD_MATCH = YES;
				COPY_PHASE_STRIP = NO;
				DEBUG_INFORMATION_FORMAT = "dwarf-with-dsym";
				ENABLE_NS_ASSERTIONS = NO;
				ENABLE_STRICT_OBJC_MSGSEND = YES;
				ENABLE_USER_SCRIPT_SANDBOXING = YES;
				GCC_C_LANGUAGE_STANDARD = gnu17;
				GCC_NO_COMMON_BLOCKS = YES;
				GCC_WARN_64_TO_32_BIT_CONVERSION = YES;
				GCC_WARN_ABOUT_RETURN_TYPE = YES_ERROR;
				GCC_WARN_UNDECLARED_SELECTOR = YES;
				GCC_WARN_UNINITIALIZED_AUTOS = YES_AGGRESSIVE;
				GCC_WARN_UNUSED_FUNCTION = YES;
				GCC_WARN_UNUSED_VARIABLE = YES;
				IPHONEOS_DEPLOYMENT_TARGET = 17.2;
				LOCALIZATION_PREFERS_STRING_CATALOGS = YES;
				MTL_ENABLE_DEBUG_INFO = NO;
				MTL_FAST_MATH = YES;
				"OTHER_LDFLAGS[arch=*]" = "-ObjC";
				SDKROOT = iphoneos;
				SWIFT_COMPILATION_MODE = wholemodule;
				VALIDATE_PRODUCT = YES;
			};
			name = Release;
		};
		C53BA77A2BE898FF0016F31C /* Debug */ = {
			isa = XCBuildConfiguration;
			buildSettings = {
				ASSETCATALOG_COMPILER_APPICON_NAME = AppIcon;
				ASSETCATALOG_COMPILER_GLOBAL_ACCENT_COLOR_NAME = AccentColor;
				CODE_SIGN_STYLE = Automatic;
				CURRENT_PROJECT_VERSION = 1;
				DEVELOPMENT_ASSET_PATHS = "\"AT3_IOS/Preview Content\"";
				DEVELOPMENT_TEAM = MG76LL3YP6;
				ENABLE_PREVIEWS = YES;
				GENERATE_INFOPLIST_FILE = YES;
				INFOPLIST_KEY_UIApplicationSceneManifest_Generation = YES;
				INFOPLIST_KEY_UIApplicationSupportsIndirectInputEvents = YES;
				INFOPLIST_KEY_UILaunchScreen_Generation = YES;
				INFOPLIST_KEY_UISupportedInterfaceOrientations_iPad = "UIInterfaceOrientationPortrait UIInterfaceOrientationPortraitUpsideDown UIInterfaceOrientationLandscapeLeft UIInterfaceOrientationLandscapeRight";
				INFOPLIST_KEY_UISupportedInterfaceOrientations_iPhone = "UIInterfaceOrientationPortrait UIInterfaceOrientationLandscapeLeft UIInterfaceOrientationLandscapeRight";
				IPHONEOS_DEPLOYMENT_TARGET = 17.2;
				LD_RUNPATH_SEARCH_PATHS = (
					"$(inherited)",
					"@executable_path/Frameworks",
				);
				MARKETING_VERSION = 1.0;
				PRODUCT_BUNDLE_IDENTIFIER = "au.edu.uts.AT3-IOS";
				PRODUCT_NAME = "$(TARGET_NAME)";
				SWIFT_EMIT_LOC_STRINGS = YES;
				SWIFT_VERSION = 5.0;
				TARGETED_DEVICE_FAMILY = "1,2";
			};
			name = Debug;
		};
		C53BA77B2BE898FF0016F31C /* Release */ = {
			isa = XCBuildConfiguration;
			buildSettings = {
				ASSETCATALOG_COMPILER_APPICON_NAME = AppIcon;
				ASSETCATALOG_COMPILER_GLOBAL_ACCENT_COLOR_NAME = AccentColor;
				CODE_SIGN_STYLE = Automatic;
				CURRENT_PROJECT_VERSION = 1;
				DEVELOPMENT_ASSET_PATHS = "\"AT3_IOS/Preview Content\"";
				DEVELOPMENT_TEAM = MG76LL3YP6;
				ENABLE_PREVIEWS = YES;
				GENERATE_INFOPLIST_FILE = YES;
				INFOPLIST_KEY_UIApplicationSceneManifest_Generation = YES;
				INFOPLIST_KEY_UIApplicationSupportsIndirectInputEvents = YES;
				INFOPLIST_KEY_UILaunchScreen_Generation = YES;
				INFOPLIST_KEY_UISupportedInterfaceOrientations_iPad = "UIInterfaceOrientationPortrait UIInterfaceOrientationPortraitUpsideDown UIInterfaceOrientationLandscapeLeft UIInterfaceOrientationLandscapeRight";
				INFOPLIST_KEY_UISupportedInterfaceOrientations_iPhone = "UIInterfaceOrientationPortrait UIInterfaceOrientationLandscapeLeft UIInterfaceOrientationLandscapeRight";
				IPHONEOS_DEPLOYMENT_TARGET = 17.2;
				LD_RUNPATH_SEARCH_PATHS = (
					"$(inherited)",
					"@executable_path/Frameworks",
				);
				MARKETING_VERSION = 1.0;
				PRODUCT_BUNDLE_IDENTIFIER = "au.edu.uts.AT3-IOS";
				PRODUCT_NAME = "$(TARGET_NAME)";
				SWIFT_EMIT_LOC_STRINGS = YES;
				SWIFT_VERSION = 5.0;
				TARGETED_DEVICE_FAMILY = "1,2";
			};
			name = Release;
		};
/* End XCBuildConfiguration section */

/* Begin XCConfigurationList section */
		C53BA7662BE898FE0016F31C /* Build configuration list for PBXProject "AT3_IOS" */ = {
			isa = XCConfigurationList;
			buildConfigurations = (
				C53BA7772BE898FF0016F31C /* Debug */,
				C53BA7782BE898FF0016F31C /* Release */,
			);
			defaultConfigurationIsVisible = 0;
			defaultConfigurationName = Release;
		};
		C53BA7792BE898FF0016F31C /* Build configuration list for PBXNativeTarget "AT3_IOS" */ = {
			isa = XCConfigurationList;
			buildConfigurations = (
				C53BA77A2BE898FF0016F31C /* Debug */,
				C53BA77B2BE898FF0016F31C /* Release */,
			);
			defaultConfigurationIsVisible = 0;
			defaultConfigurationName = Release;
		};
/* End XCConfigurationList section */

/* Begin XCRemoteSwiftPackageReference section */
		02B6B72C2BECF2D800FA7A71 /* XCRemoteSwiftPackageReference "ios-places-sdk" */ = {
			isa = XCRemoteSwiftPackageReference;
			repositoryURL = "https://github.com/googlemaps/ios-places-sdk";
			requirement = {
				kind = upToNextMajorVersion;
				minimumVersion = 8.5.0;
			};
		};
/* End XCRemoteSwiftPackageReference section */

/* Begin XCSwiftPackageProductDependency section */
		02B6B72D2BECF2D800FA7A71 /* GooglePlaces */ = {
			isa = XCSwiftPackageProductDependency;
			package = 02B6B72C2BECF2D800FA7A71 /* XCRemoteSwiftPackageReference "ios-places-sdk" */;
			productName = GooglePlaces;
		};
/* End XCSwiftPackageProductDependency section */
	};
	rootObject = C53BA7632BE898FE0016F31C /* Project object */;
}
